
Microsoft Visual Studio Solution File, Format Version 12.00
# Visual Studio Version 16
VisualStudioVersion = 16.0.29613.14
MinimumVisualStudioVersion = 10.0.40219.1
Project("{9A19103F-16F7-4668-BE54-9A1E7A4F7556}") = "NetProvider", "NetProvider\NetProvider.csproj", "{BD12BE74-399D-4C16-8122-D005C3D0C631}"
EndProject
Project("{FAE04EC0-301F-11D3-BF4B-00C04F79EFBC}") = "Demo", "Demo\Demo.csproj", "{FAD4790E-7FF6-4F79-BFBA-3AA0AB430819}"
EndProject
Project("{FAE04EC0-301F-11D3-BF4B-00C04F79EFBC}") = "UnitTestProject", "UnitTestProject\UnitTestProject.csproj", "{0B18C0A2-4F0D-4FE2-99E3-8706100F06B2}"
EndProject
Project("{FAE04EC0-301F-11D3-BF4B-00C04F79EFBC}") = "NetProvider.Sock", "NetProvider.Socket\NetProvider.Sock.csproj", "{1F031C2E-B16D-40F6-9692-0CDFC722555A}"
EndProject
Project("{FAE04EC0-301F-11D3-BF4B-00C04F79EFBC}") = "NetProvider.Core", "NetProvider.Core\NetProvider.Core.csproj", "{52F7BED2-DB52-4281-9300-C3A564C6E0EF}"
EndProject
Global
	GlobalSection(SolutionConfigurationPlatforms) = preSolution
		Debug|Any CPU = Debug|Any CPU
		Release|Any CPU = Release|Any CPU
	EndGlobalSection
	GlobalSection(ProjectConfigurationPlatforms) = postSolution
		{BD12BE74-399D-4C16-8122-D005C3D0C631}.Debug|Any CPU.ActiveCfg = Debug|Any CPU
		{BD12BE74-399D-4C16-8122-D005C3D0C631}.Debug|Any CPU.Build.0 = Debug|Any CPU
		{BD12BE74-399D-4C16-8122-D005C3D0C631}.Release|Any CPU.ActiveCfg = Release|Any CPU
		{BD12BE74-399D-4C16-8122-D005C3D0C631}.Release|Any CPU.Build.0 = Release|Any CPU
		{FAD4790E-7FF6-4F79-BFBA-3AA0AB430819}.Debug|Any CPU.ActiveCfg = Debug|Any CPU
		{FAD4790E-7FF6-4F79-BFBA-3AA0AB430819}.Debug|Any CPU.Build.0 = Debug|Any CPU
		{FAD4790E-7FF6-4F79-BFBA-3AA0AB430819}.Release|Any CPU.ActiveCfg = Release|Any CPU
		{FAD4790E-7FF6-4F79-BFBA-3AA0AB430819}.Release|Any CPU.Build.0 = Release|Any CPU
		{0B18C0A2-4F0D-4FE2-99E3-8706100F06B2}.Debug|Any CPU.ActiveCfg = Debug|Any CPU
		{0B18C0A2-4F0D-4FE2-99E3-8706100F06B2}.Debug|Any CPU.Build.0 = Debug|Any CPU
		{0B18C0A2-4F0D-4FE2-99E3-8706100F06B2}.Release|Any CPU.ActiveCfg = Release|Any CPU
		{0B18C0A2-4F0D-4FE2-99E3-8706100F06B2}.Release|Any CPU.Build.0 = Release|Any CPU
		{1F031C2E-B16D-40F6-9692-0CDFC722555A}.Debug|Any CPU.ActiveCfg = Debug|Any CPU
		{1F031C2E-B16D-40F6-9692-0CDFC722555A}.Debug|Any CPU.Build.0 = Debug|Any CPU
		{1F031C2E-B16D-40F6-9692-0CDFC722555A}.Release|Any CPU.ActiveCfg = Release|Any CPU
		{1F031C2E-B16D-40F6-9692-0CDFC722555A}.Release|Any CPU.Build.0 = Release|Any CPU
		{52F7BED2-DB52-4281-9300-C3A564C6E0EF}.Debug|Any CPU.ActiveCfg = Debug|Any CPU
		{52F7BED2-DB52-4281-9300-C3A564C6E0EF}.Debug|Any CPU.Build.0 = Debug|Any CPU
		{52F7BED2-DB52-4281-9300-C3A564C6E0EF}.Release|Any CPU.ActiveCfg = Release|Any CPU
		{52F7BED2-DB52-4281-9300-C3A564C6E0EF}.Release|Any CPU.Build.0 = Release|Any CPU
	EndGlobalSection
	GlobalSection(SolutionProperties) = preSolution
		HideSolutionNode = FALSE
	EndGlobalSection
	GlobalSection(ExtensibilityGlobals) = postSolution
		SolutionGuid = {4FC613F1-9C60-47AF-91CC-09397863B43D}
	EndGlobalSection
EndGlobal
